
Microsoft Visual Studio Solution File, Format Version 12.00
# Visual Studio Version 17
VisualStudioVersion = 17.11.34909.67
MinimumVisualStudioVersion = 10.0.40219.1
Project("{FAE04EC0-301F-11D3-BF4B-00C04F79EFBC}") = "AspNetMvcCoreProject", "AspNetMvcCoreProject\AspNetMvcCoreProject.csproj", "{D7DDC035-0766-4AD0-A730-F5D18901F4F2}"
EndProject
Global
	GlobalSection(SolutionConfigurationPlatforms) = preSolution
		Debug|Any CPU = Debug|Any CPU
		Release|Any CPU = Release|Any CPU
	EndGlobalSection
	GlobalSection(ProjectConfigurationPlatforms) = postSolution
		{D7DDC035-0766-4AD0-A730-F5D18901F4F2}.Debug|Any CPU.ActiveCfg = Debug|Any CPU
		{D7DDC035-0766-4AD0-A730-F5D18901F4F2}.Debug|Any CPU.Build.0 = Debug|Any CPU
		{D7DDC035-0766-4AD0-A730-F5D18901F4F2}.Release|Any CPU.ActiveCfg = Release|Any CPU
		{D7DDC035-0766-4AD0-A730-F5D18901F4F2}.Release|Any CPU.Build.0 = Release|Any CPU
	EndGlobalSection
	GlobalSection(SolutionProperties) = preSolution
		HideSolutionNode = FALSE
	EndGlobalSection
	GlobalSection(ExtensibilityGlobals) = postSolution
		SolutionGuid = {F9ACF606-D47C-4A9E-AD95-96D581BCBB1A}
	EndGlobalSection
EndGlobal
